
Microsoft Visual Studio Solution File, Format Version 12.00
# Visual Studio 15
VisualStudioVersion = 15.0.27703.2042
MinimumVisualStudioVersion = 10.0.40219.1
Project("{FAE04EC0-301F-11D3-BF4B-00C04F79EFBC}") = "TBSMobile.Android", "TBSMobile\TBSMobile.Android\TBSMobile.Android.csproj", "{80307A48-D93C-4EA1-939C-3AFE0662545E}"
EndProject
Project("{FAE04EC0-301F-11D3-BF4B-00C04F79EFBC}") = "TBSMobile.iOS", "TBSMobile\TBSMobile.iOS\TBSMobile.iOS.csproj", "{55106E2D-B234-4770-AFE1-10B4640D6ECA}"
EndProject
Project("{FAE04EC0-301F-11D3-BF4B-00C04F79EFBC}") = "TBSMobile.UWP", "TBSMobile\TBSMobile.UWP\TBSMobile.UWP.csproj", "{BE71200C-05F6-40FC-99D6-74329BC08C46}"
EndProject
Project("{FAE04EC0-301F-11D3-BF4B-00C04F79EFBC}") = "TBSMobile", "TBSMobile\TBSMobile\TBSMobile.csproj", "{D0484BD1-A456-4D8A-9B63-B1F60A66CA51}"
EndProject
Global
	GlobalSection(SolutionConfigurationPlatforms) = preSolution
		Ad-Hoc|Any CPU = Ad-Hoc|Any CPU
		Ad-Hoc|ARM = Ad-Hoc|ARM
		Ad-Hoc|iPhone = Ad-Hoc|iPhone
		Ad-Hoc|iPhoneSimulator = Ad-Hoc|iPhoneSimulator
		Ad-Hoc|x64 = Ad-Hoc|x64
		Ad-Hoc|x86 = Ad-Hoc|x86
		AppStore|Any CPU = AppStore|Any CPU
		AppStore|ARM = AppStore|ARM
		AppStore|iPhone = AppStore|iPhone
		AppStore|iPhoneSimulator = AppStore|iPhoneSimulator
		AppStore|x64 = AppStore|x64
		AppStore|x86 = AppStore|x86
		Debug|Any CPU = Debug|Any CPU
		Debug|ARM = Debug|ARM
		Debug|iPhone = Debug|iPhone
		Debug|iPhoneSimulator = Debug|iPhoneSimulator
		Debug|x64 = Debug|x64
		Debug|x86 = Debug|x86
		Release|Any CPU = Release|Any CPU
		Release|ARM = Release|ARM
		Release|iPhone = Release|iPhone
		Release|iPhoneSimulator = Release|iPhoneSimulator
		Release|x64 = Release|x64
		Release|x86 = Release|x86
	EndGlobalSection
	GlobalSection(ProjectConfigurationPlatforms) = postSolution
		{80307A48-D93C-4EA1-939C-3AFE0662545E}.Ad-Hoc|Any CPU.ActiveCfg = Release|Any CPU
		{80307A48-D93C-4EA1-939C-3AFE0662545E}.Ad-Hoc|Any CPU.Build.0 = Release|Any CPU
		{80307A48-D93C-4EA1-939C-3AFE0662545E}.Ad-Hoc|Any CPU.Deploy.0 = Release|Any CPU
		{80307A48-D93C-4EA1-939C-3AFE0662545E}.Ad-Hoc|ARM.ActiveCfg = Release|Any CPU
		{80307A48-D93C-4EA1-939C-3AFE0662545E}.Ad-Hoc|ARM.Build.0 = Release|Any CPU
		{80307A48-D93C-4EA1-939C-3AFE0662545E}.Ad-Hoc|ARM.Deploy.0 = Release|Any CPU
		{80307A48-D93C-4EA1-939C-3AFE0662545E}.Ad-Hoc|iPhone.ActiveCfg = Release|Any CPU
		{80307A48-D93C-4EA1-939C-3AFE0662545E}.Ad-Hoc|iPhone.Build.0 = Release|Any CPU
		{80307A48-D93C-4EA1-939C-3AFE0662545E}.Ad-Hoc|iPhone.Deploy.0 = Release|Any CPU
		{80307A48-D93C-4EA1-939C-3AFE0662545E}.Ad-Hoc|iPhoneSimulator.ActiveCfg = Release|Any CPU
		{80307A48-D93C-4EA1-939C-3AFE0662545E}.Ad-Hoc|iPhoneSimulator.Build.0 = Release|Any CPU
		{80307A48-D93C-4EA1-939C-3AFE0662545E}.Ad-Hoc|iPhoneSimulator.Deploy.0 = Release|Any CPU
		{80307A48-D93C-4EA1-939C-3AFE0662545E}.Ad-Hoc|x64.ActiveCfg = Release|Any CPU
		{80307A48-D93C-4EA1-939C-3AFE0662545E}.Ad-Hoc|x64.Build.0 = Release|Any CPU
		{80307A48-D93C-4EA1-939C-3AFE0662545E}.Ad-Hoc|x64.Deploy.0 = Release|Any CPU
		{80307A48-D93C-4EA1-939C-3AFE0662545E}.Ad-Hoc|x86.ActiveCfg = Release|Any CPU
		{80307A48-D93C-4EA1-939C-3AFE0662545E}.Ad-Hoc|x86.Build.0 = Release|Any CPU
		{80307A48-D93C-4EA1-939C-3AFE0662545E}.Ad-Hoc|x86.Deploy.0 = Release|Any CPU
		{80307A48-D93C-4EA1-939C-3AFE0662545E}.AppStore|Any CPU.ActiveCfg = Release|Any CPU
		{80307A48-D93C-4EA1-939C-3AFE0662545E}.AppStore|Any CPU.Build.0 = Release|Any CPU
		{80307A48-D93C-4EA1-939C-3AFE0662545E}.AppStore|Any CPU.Deploy.0 = Release|Any CPU
		{80307A48-D93C-4EA1-939C-3AFE0662545E}.AppStore|ARM.ActiveCfg = Release|Any CPU
		{80307A48-D93C-4EA1-939C-3AFE0662545E}.AppStore|ARM.Build.0 = Release|Any CPU
		{80307A48-D93C-4EA1-939C-3AFE0662545E}.AppStore|ARM.Deploy.0 = Release|Any CPU
		{80307A48-D93C-4EA1-939C-3AFE0662545E}.AppStore|iPhone.ActiveCfg = Release|Any CPU
		{80307A48-D93C-4EA1-939C-3AFE0662545E}.AppStore|iPhone.Build.0 = Release|Any CPU
		{80307A48-D93C-4EA1-939C-3AFE0662545E}.AppStore|iPhone.Deploy.0 = Release|Any CPU
		{80307A48-D93C-4EA1-939C-3AFE0662545E}.AppStore|iPhoneSimulator.ActiveCfg = Release|Any CPU
		{80307A48-D93C-4EA1-939C-3AFE0662545E}.AppStore|iPhoneSimulator.Build.0 = Release|Any CPU
		{80307A48-D93C-4EA1-939C-3AFE0662545E}.AppStore|iPhoneSimulator.Deploy.0 = Release|Any CPU
		{80307A48-D93C-4EA1-939C-3AFE0662545E}.AppStore|x64.ActiveCfg = Release|Any CPU
		{80307A48-D93C-4EA1-939C-3AFE0662545E}.AppStore|x64.Build.0 = Release|Any CPU
		{80307A48-D93C-4EA1-939C-3AFE0662545E}.AppStore|x64.Deploy.0 = Release|Any CPU
		{80307A48-D93C-4EA1-939C-3AFE0662545E}.AppStore|x86.ActiveCfg = Release|Any CPU
		{80307A48-D93C-4EA1-939C-3AFE0662545E}.AppStore|x86.Build.0 = Release|Any CPU
		{80307A48-D93C-4EA1-939C-3AFE0662545E}.AppStore|x86.Deploy.0 = Release|Any CPU
		{80307A48-D93C-4EA1-939C-3AFE0662545E}.Debug|Any CPU.ActiveCfg = Debug|Any CPU
		{80307A48-D93C-4EA1-939C-3AFE0662545E}.Debug|Any CPU.Build.0 = Debug|Any CPU
		{80307A48-D93C-4EA1-939C-3AFE0662545E}.Debug|Any CPU.Deploy.0 = Debug|Any CPU
		{80307A48-D93C-4EA1-939C-3AFE0662545E}.Debug|ARM.ActiveCfg = Debug|Any CPU
		{80307A48-D93C-4EA1-939C-3AFE0662545E}.Debug|ARM.Build.0 = Debug|Any CPU
		{80307A48-D93C-4EA1-939C-3AFE0662545E}.Debug|ARM.Deploy.0 = Debug|Any CPU
		{80307A48-D93C-4EA1-939C-3AFE0662545E}.Debug|iPhone.ActiveCfg = Debug|Any CPU
		{80307A48-D93C-4EA1-939C-3AFE0662545E}.Debug|iPhone.Build.0 = Debug|Any CPU
		{80307A48-D93C-4EA1-939C-3AFE0662545E}.Debug|iPhone.Deploy.0 = Debug|Any CPU
		{80307A48-D93C-4EA1-939C-3AFE0662545E}.Debug|iPhoneSimulator.ActiveCfg = Debug|Any CPU
		{80307A48-D93C-4EA1-939C-3AFE0662545E}.Debug|iPhoneSimulator.Build.0 = Debug|Any CPU
		{80307A48-D93C-4EA1-939C-3AFE0662545E}.Debug|iPhoneSimulator.Deploy.0 = Debug|Any CPU
		{80307A48-D93C-4EA1-939C-3AFE0662545E}.Debug|x64.ActiveCfg = Debug|Any CPU
		{80307A48-D93C-4EA1-939C-3AFE0662545E}.Debug|x64.Build.0 = Debug|Any CPU
		{80307A48-D93C-4EA1-939C-3AFE0662545E}.Debug|x64.Deploy.0 = Debug|Any CPU
		{80307A48-D93C-4EA1-939C-3AFE0662545E}.Debug|x86.ActiveCfg = Debug|Any CPU
		{80307A48-D93C-4EA1-939C-3AFE0662545E}.Debug|x86.Build.0 = Debug|Any CPU
		{80307A48-D93C-4EA1-939C-3AFE0662545E}.Debug|x86.Deploy.0 = Debug|Any CPU
		{80307A48-D93C-4EA1-939C-3AFE0662545E}.Release|Any CPU.ActiveCfg = Release|Any CPU
		{80307A48-D93C-4EA1-939C-3AFE0662545E}.Release|Any CPU.Build.0 = Release|Any CPU
		{80307A48-D93C-4EA1-939C-3AFE0662545E}.Release|Any CPU.Deploy.0 = Release|Any CPU
		{80307A48-D93C-4EA1-939C-3AFE0662545E}.Release|ARM.ActiveCfg = Release|Any CPU
		{80307A48-D93C-4EA1-939C-3AFE0662545E}.Release|ARM.Build.0 = Release|Any CPU
		{80307A48-D93C-4EA1-939C-3AFE0662545E}.Release|ARM.Deploy.0 = Release|Any CPU
		{80307A48-D93C-4EA1-939C-3AFE0662545E}.Release|iPhone.ActiveCfg = Release|Any CPU
		{80307A48-D93C-4EA1-939C-3AFE0662545E}.Release|iPhone.Build.0 = Release|Any CPU
		{80307A48-D93C-4EA1-939C-3AFE0662545E}.Release|iPhone.Deploy.0 = Release|Any CPU
		{80307A48-D93C-4EA1-939C-3AFE0662545E}.Release|iPhoneSimulator.ActiveCfg = Release|Any CPU
		{80307A48-D93C-4EA1-939C-3AFE0662545E}.Release|iPhoneSimulator.Build.0 = Release|Any CPU
		{80307A48-D93C-4EA1-939C-3AFE0662545E}.Release|iPhoneSimulator.Deploy.0 = Release|Any CPU
		{80307A48-D93C-4EA1-939C-3AFE0662545E}.Release|x64.ActiveCfg = Release|Any CPU
		{80307A48-D93C-4EA1-939C-3AFE0662545E}.Release|x64.Build.0 = Release|Any CPU
		{80307A48-D93C-4EA1-939C-3AFE0662545E}.Release|x64.Deploy.0 = Release|Any CPU
		{80307A48-D93C-4EA1-939C-3AFE0662545E}.Release|x86.ActiveCfg = Release|Any CPU
		{80307A48-D93C-4EA1-939C-3AFE0662545E}.Release|x86.Build.0 = Release|Any CPU
		{80307A48-D93C-4EA1-939C-3AFE0662545E}.Release|x86.Deploy.0 = Release|Any CPU
		{55106E2D-B234-4770-AFE1-10B4640D6ECA}.Ad-Hoc|Any CPU.ActiveCfg = Ad-Hoc|iPhone
		{55106E2D-B234-4770-AFE1-10B4640D6ECA}.Ad-Hoc|Any CPU.Build.0 = Ad-Hoc|iPhone
		{55106E2D-B234-4770-AFE1-10B4640D6ECA}.Ad-Hoc|Any CPU.Deploy.0 = Ad-Hoc|iPhone
		{55106E2D-B234-4770-AFE1-10B4640D6ECA}.Ad-Hoc|ARM.ActiveCfg = Ad-Hoc|iPhone
		{55106E2D-B234-4770-AFE1-10B4640D6ECA}.Ad-Hoc|ARM.Build.0 = Ad-Hoc|iPhone
		{55106E2D-B234-4770-AFE1-10B4640D6ECA}.Ad-Hoc|ARM.Deploy.0 = Ad-Hoc|iPhone
		{55106E2D-B234-4770-AFE1-10B4640D6ECA}.Ad-Hoc|iPhone.ActiveCfg = Ad-Hoc|iPhone
		{55106E2D-B234-4770-AFE1-10B4640D6ECA}.Ad-Hoc|iPhone.Build.0 = Ad-Hoc|iPhone
		{55106E2D-B234-4770-AFE1-10B4640D6ECA}.Ad-Hoc|iPhone.Deploy.0 = Ad-Hoc|iPhone
		{55106E2D-B234-4770-AFE1-10B4640D6ECA}.Ad-Hoc|iPhoneSimulator.ActiveCfg = Ad-Hoc|iPhoneSimulator
		{55106E2D-B234-4770-AFE1-10B4640D6ECA}.Ad-Hoc|iPhoneSimulator.Build.0 = Ad-Hoc|iPhoneSimulator
		{55106E2D-B234-4770-AFE1-10B4640D6ECA}.Ad-Hoc|iPhoneSimulator.Deploy.0 = Ad-Hoc|iPhoneSimulator
		{55106E2D-B234-4770-AFE1-10B4640D6ECA}.Ad-Hoc|x64.ActiveCfg = Ad-Hoc|iPhone
		{55106E2D-B234-4770-AFE1-10B4640D6ECA}.Ad-Hoc|x64.Build.0 = Ad-Hoc|iPhone
		{55106E2D-B234-4770-AFE1-10B4640D6ECA}.Ad-Hoc|x64.Deploy.0 = Ad-Hoc|iPhone
		{55106E2D-B234-4770-AFE1-10B4640D6ECA}.Ad-Hoc|x86.ActiveCfg = Ad-Hoc|iPhone
		{55106E2D-B234-4770-AFE1-10B4640D6ECA}.Ad-Hoc|x86.Build.0 = Ad-Hoc|iPhone
		{55106E2D-B234-4770-AFE1-10B4640D6ECA}.Ad-Hoc|x86.Deploy.0 = Ad-Hoc|iPhone
		{55106E2D-B234-4770-AFE1-10B4640D6ECA}.AppStore|Any CPU.ActiveCfg = AppStore|iPhone
		{55106E2D-B234-4770-AFE1-10B4640D6ECA}.AppStore|Any CPU.Build.0 = AppStore|iPhone
		{55106E2D-B234-4770-AFE1-10B4640D6ECA}.AppStore|Any CPU.Deploy.0 = AppStore|iPhone
		{55106E2D-B234-4770-AFE1-10B4640D6ECA}.AppStore|ARM.ActiveCfg = AppStore|iPhone
		{55106E2D-B234-4770-AFE1-10B4640D6ECA}.AppStore|ARM.Build.0 = AppStore|iPhone
		{55106E2D-B234-4770-AFE1-10B4640D6ECA}.AppStore|ARM.Deploy.0 = AppStore|iPhone
		{55106E2D-B234-4770-AFE1-10B4640D6ECA}.AppStore|iPhone.ActiveCfg = AppStore|iPhone
		{55106E2D-B234-4770-AFE1-10B4640D6ECA}.AppStore|iPhone.Build.0 = AppStore|iPhone
		{55106E2D-B234-4770-AFE1-10B4640D6ECA}.AppStore|iPhone.Deploy.0 = AppStore|iPhone
		{55106E2D-B234-4770-AFE1-10B4640D6ECA}.AppStore|iPhoneSimulator.ActiveCfg = AppStore|iPhoneSimulator
		{55106E2D-B234-4770-AFE1-10B4640D6ECA}.AppStore|iPhoneSimulator.Build.0 = AppStore|iPhoneSimulator
		{55106E2D-B234-4770-AFE1-10B4640D6ECA}.AppStore|iPhoneSimulator.Deploy.0 = AppStore|iPhoneSimulator
		{55106E2D-B234-4770-AFE1-10B4640D6ECA}.AppStore|x64.ActiveCfg = AppStore|iPhone
		{55106E2D-B234-4770-AFE1-10B4640D6ECA}.AppStore|x64.Build.0 = AppStore|iPhone
		{55106E2D-B234-4770-AFE1-10B4640D6ECA}.AppStore|x64.Deploy.0 = AppStore|iPhone
		{55106E2D-B234-4770-AFE1-10B4640D6ECA}.AppStore|x86.ActiveCfg = AppStore|iPhone
		{55106E2D-B234-4770-AFE1-10B4640D6ECA}.AppStore|x86.Build.0 = AppStore|iPhone
		{55106E2D-B234-4770-AFE1-10B4640D6ECA}.AppStore|x86.Deploy.0 = AppStore|iPhone
		{55106E2D-B234-4770-AFE1-10B4640D6ECA}.Debug|Any CPU.ActiveCfg = Debug|iPhoneSimulator
		{55106E2D-B234-4770-AFE1-10B4640D6ECA}.Debug|Any CPU.Build.0 = Debug|iPhoneSimulator
		{55106E2D-B234-4770-AFE1-10B4640D6ECA}.Debug|Any CPU.Deploy.0 = Debug|iPhoneSimulator
		{55106E2D-B234-4770-AFE1-10B4640D6ECA}.Debug|ARM.ActiveCfg = Debug|iPhone
		{55106E2D-B234-4770-AFE1-10B4640D6ECA}.Debug|ARM.Build.0 = Debug|iPhone
		{55106E2D-B234-4770-AFE1-10B4640D6ECA}.Debug|ARM.Deploy.0 = Debug|iPhone
		{55106E2D-B234-4770-AFE1-10B4640D6ECA}.Debug|iPhone.ActiveCfg = Debug|iPhone
		{55106E2D-B234-4770-AFE1-10B4640D6ECA}.Debug|iPhone.Build.0 = Debug|iPhone
		{55106E2D-B234-4770-AFE1-10B4640D6ECA}.Debug|iPhone.Deploy.0 = Debug|iPhone
		{55106E2D-B234-4770-AFE1-10B4640D6ECA}.Debug|iPhoneSimulator.ActiveCfg = Debug|iPhoneSimulator
		{55106E2D-B234-4770-AFE1-10B4640D6ECA}.Debug|iPhoneSimulator.Build.0 = Debug|iPhoneSimulator
		{55106E2D-B234-4770-AFE1-10B4640D6ECA}.Debug|iPhoneSimulator.Deploy.0 = Debug|iPhoneSimulator
		{55106E2D-B234-4770-AFE1-10B4640D6ECA}.Debug|x64.ActiveCfg = Debug|iPhone
		{55106E2D-B234-4770-AFE1-10B4640D6ECA}.Debug|x64.Build.0 = Debug|iPhone
		{55106E2D-B234-4770-AFE1-10B4640D6ECA}.Debug|x64.Deploy.0 = Debug|iPhone
		{55106E2D-B234-4770-AFE1-10B4640D6ECA}.Debug|x86.ActiveCfg = Debug|iPhone
		{55106E2D-B234-4770-AFE1-10B4640D6ECA}.Debug|x86.Build.0 = Debug|iPhone
		{55106E2D-B234-4770-AFE1-10B4640D6ECA}.Debug|x86.Deploy.0 = Debug|iPhone
		{55106E2D-B234-4770-AFE1-10B4640D6ECA}.Release|Any CPU.ActiveCfg = Release|iPhone
		{55106E2D-B234-4770-AFE1-10B4640D6ECA}.Release|Any CPU.Build.0 = Release|iPhone
		{55106E2D-B234-4770-AFE1-10B4640D6ECA}.Release|Any CPU.Deploy.0 = Release|iPhone
		{55106E2D-B234-4770-AFE1-10B4640D6ECA}.Release|ARM.ActiveCfg = Release|iPhone
		{55106E2D-B234-4770-AFE1-10B4640D6ECA}.Release|ARM.Build.0 = Release|iPhone
		{55106E2D-B234-4770-AFE1-10B4640D6ECA}.Release|ARM.Deploy.0 = Release|iPhone
		{55106E2D-B234-4770-AFE1-10B4640D6ECA}.Release|iPhone.ActiveCfg = Release|iPhone
		{55106E2D-B234-4770-AFE1-10B4640D6ECA}.Release|iPhone.Build.0 = Release|iPhone
		{55106E2D-B234-4770-AFE1-10B4640D6ECA}.Release|iPhone.Deploy.0 = Release|iPhone
		{55106E2D-B234-4770-AFE1-10B4640D6ECA}.Release|iPhoneSimulator.ActiveCfg = Release|iPhoneSimulator
		{55106E2D-B234-4770-AFE1-10B4640D6ECA}.Release|iPhoneSimulator.Build.0 = Release|iPhoneSimulator
		{55106E2D-B234-4770-AFE1-10B4640D6ECA}.Release|iPhoneSimulator.Deploy.0 = Release|iPhoneSimulator
		{55106E2D-B234-4770-AFE1-10B4640D6ECA}.Release|x64.ActiveCfg = Release|iPhone
		{55106E2D-B234-4770-AFE1-10B4640D6ECA}.Release|x64.Build.0 = Release|iPhone
		{55106E2D-B234-4770-AFE1-10B4640D6ECA}.Release|x64.Deploy.0 = Release|iPhone
		{55106E2D-B234-4770-AFE1-10B4640D6ECA}.Release|x86.ActiveCfg = Release|iPhone
		{55106E2D-B234-4770-AFE1-10B4640D6ECA}.Release|x86.Build.0 = Release|iPhone
		{55106E2D-B234-4770-AFE1-10B4640D6ECA}.Release|x86.Deploy.0 = Release|iPhone
		{BE71200C-05F6-40FC-99D6-74329BC08C46}.Ad-Hoc|Any CPU.ActiveCfg = Release|x86
		{BE71200C-05F6-40FC-99D6-74329BC08C46}.Ad-Hoc|Any CPU.Build.0 = Release|x86
		{BE71200C-05F6-40FC-99D6-74329BC08C46}.Ad-Hoc|Any CPU.Deploy.0 = Release|x86
		{BE71200C-05F6-40FC-99D6-74329BC08C46}.Ad-Hoc|ARM.ActiveCfg = Release|ARM
		{BE71200C-05F6-40FC-99D6-74329BC08C46}.Ad-Hoc|ARM.Build.0 = Release|ARM
		{BE71200C-05F6-40FC-99D6-74329BC08C46}.Ad-Hoc|ARM.Deploy.0 = Release|ARM
		{BE71200C-05F6-40FC-99D6-74329BC08C46}.Ad-Hoc|iPhone.ActiveCfg = Release|x86
		{BE71200C-05F6-40FC-99D6-74329BC08C46}.Ad-Hoc|iPhone.Build.0 = Release|x86
		{BE71200C-05F6-40FC-99D6-74329BC08C46}.Ad-Hoc|iPhone.Deploy.0 = Release|x86
		{BE71200C-05F6-40FC-99D6-74329BC08C46}.Ad-Hoc|iPhoneSimulator.ActiveCfg = Release|x86
		{BE71200C-05F6-40FC-99D6-74329BC08C46}.Ad-Hoc|iPhoneSimulator.Build.0 = Release|x86
		{BE71200C-05F6-40FC-99D6-74329BC08C46}.Ad-Hoc|iPhoneSimulator.Deploy.0 = Release|x86
		{BE71200C-05F6-40FC-99D6-74329BC08C46}.Ad-Hoc|x64.ActiveCfg = Release|x64
		{BE71200C-05F6-40FC-99D6-74329BC08C46}.Ad-Hoc|x64.Build.0 = Release|x64
		{BE71200C-05F6-40FC-99D6-74329BC08C46}.Ad-Hoc|x64.Deploy.0 = Release|x64
		{BE71200C-05F6-40FC-99D6-74329BC08C46}.Ad-Hoc|x86.ActiveCfg = Release|x86
		{BE71200C-05F6-40FC-99D6-74329BC08C46}.Ad-Hoc|x86.Build.0 = Release|x86
		{BE71200C-05F6-40FC-99D6-74329BC08C46}.Ad-Hoc|x86.Deploy.0 = Release|x86
		{BE71200C-05F6-40FC-99D6-74329BC08C46}.AppStore|Any CPU.ActiveCfg = Release|x86
		{BE71200C-05F6-40FC-99D6-74329BC08C46}.AppStore|Any CPU.Build.0 = Release|x86
		{BE71200C-05F6-40FC-99D6-74329BC08C46}.AppStore|Any CPU.Deploy.0 = Release|x86
		{BE71200C-05F6-40FC-99D6-74329BC08C46}.AppStore|ARM.ActiveCfg = Release|ARM
		{BE71200C-05F6-40FC-99D6-74329BC08C46}.AppStore|ARM.Build.0 = Release|ARM
		{BE71200C-05F6-40FC-99D6-74329BC08C46}.AppStore|ARM.Deploy.0 = Release|ARM
		{BE71200C-05F6-40FC-99D6-74329BC08C46}.AppStore|iPhone.ActiveCfg = Release|x86
		{BE71200C-05F6-40FC-99D6-74329BC08C46}.AppStore|iPhone.Build.0 = Release|x86
		{BE71200C-05F6-40FC-99D6-74329BC08C46}.AppStore|iPhone.Deploy.0 = Release|x86
		{BE71200C-05F6-40FC-99D6-74329BC08C46}.AppStore|iPhoneSimulator.ActiveCfg = Release|x86
		{BE71200C-05F6-40FC-99D6-74329BC08C46}.AppStore|iPhoneSimulator.Build.0 = Release|x86
		{BE71200C-05F6-40FC-99D6-74329BC08C46}.AppStore|iPhoneSimulator.Deploy.0 = Release|x86
		{BE71200C-05F6-40FC-99D6-74329BC08C46}.AppStore|x64.ActiveCfg = Release|x64
		{BE71200C-05F6-40FC-99D6-74329BC08C46}.AppStore|x64.Build.0 = Release|x64
		{BE71200C-05F6-40FC-99D6-74329BC08C46}.AppStore|x64.Deploy.0 = Release|x64
		{BE71200C-05F6-40FC-99D6-74329BC08C46}.AppStore|x86.ActiveCfg = Release|x86
		{BE71200C-05F6-40FC-99D6-74329BC08C46}.AppStore|x86.Build.0 = Release|x86
		{BE71200C-05F6-40FC-99D6-74329BC08C46}.AppStore|x86.Deploy.0 = Release|x86
		{BE71200C-05F6-40FC-99D6-74329BC08C46}.Debug|Any CPU.ActiveCfg = Debug|x86
		{BE71200C-05F6-40FC-99D6-74329BC08C46}.Debug|Any CPU.Build.0 = Debug|x86
		{BE71200C-05F6-40FC-99D6-74329BC08C46}.Debug|Any CPU.Deploy.0 = Debug|x86
		{BE71200C-05F6-40FC-99D6-74329BC08C46}.Debug|ARM.ActiveCfg = Debug|ARM
		{BE71200C-05F6-40FC-99D6-74329BC08C46}.Debug|ARM.Build.0 = Debug|ARM
		{BE71200C-05F6-40FC-99D6-74329BC08C46}.Debug|ARM.Deploy.0 = Debug|ARM
		{BE71200C-05F6-40FC-99D6-74329BC08C46}.Debug|iPhone.ActiveCfg = Debug|x86
		{BE71200C-05F6-40FC-99D6-74329BC08C46}.Debug|iPhone.Build.0 = Debug|x86
		{BE71200C-05F6-40FC-99D6-74329BC08C46}.Debug|iPhone.Deploy.0 = Debug|x86
		{BE71200C-05F6-40FC-99D6-74329BC08C46}.Debug|iPhoneSimulator.ActiveCfg = Debug|x86
		{BE71200C-05F6-40FC-99D6-74329BC08C46}.Debug|iPhoneSimulator.Build.0 = Debug|x86
		{BE71200C-05F6-40FC-99D6-74329BC08C46}.Debug|iPhoneSimulator.Deploy.0 = Debug|x86
		{BE71200C-05F6-40FC-99D6-74329BC08C46}.Debug|x64.ActiveCfg = Debug|x64
		{BE71200C-05F6-40FC-99D6-74329BC08C46}.Debug|x64.Build.0 = Debug|x64
		{BE71200C-05F6-40FC-99D6-74329BC08C46}.Debug|x64.Deploy.0 = Debug|x64
		{BE71200C-05F6-40FC-99D6-74329BC08C46}.Debug|x86.ActiveCfg = Debug|x86
		{BE71200C-05F6-40FC-99D6-74329BC08C46}.Debug|x86.Build.0 = Debug|x86
		{BE71200C-05F6-40FC-99D6-74329BC08C46}.Debug|x86.Deploy.0 = Debug|x86
		{BE71200C-05F6-40FC-99D6-74329BC08C46}.Release|Any CPU.ActiveCfg = Release|x86
		{BE71200C-05F6-40FC-99D6-74329BC08C46}.Release|Any CPU.Build.0 = Release|x86
		{BE71200C-05F6-40FC-99D6-74329BC08C46}.Release|Any CPU.Deploy.0 = Release|x86
		{BE71200C-05F6-40FC-99D6-74329BC08C46}.Release|ARM.ActiveCfg = Release|ARM
		{BE71200C-05F6-40FC-99D6-74329BC08C46}.Release|ARM.Build.0 = Release|ARM
		{BE71200C-05F6-40FC-99D6-74329BC08C46}.Release|ARM.Deploy.0 = Release|ARM
		{BE71200C-05F6-40FC-99D6-74329BC08C46}.Release|iPhone.ActiveCfg = Release|x86
		{BE71200C-05F6-40FC-99D6-74329BC08C46}.Release|iPhone.Build.0 = Release|x86
		{BE71200C-05F6-40FC-99D6-74329BC08C46}.Release|iPhone.Deploy.0 = Release|x86
		{BE71200C-05F6-40FC-99D6-74329BC08C46}.Release|iPhoneSimulator.ActiveCfg = Release|x86
		{BE71200C-05F6-40FC-99D6-74329BC08C46}.Release|iPhoneSimulator.Build.0 = Release|x86
		{BE71200C-05F6-40FC-99D6-74329BC08C46}.Release|iPhoneSimulator.Deploy.0 = Release|x86
		{BE71200C-05F6-40FC-99D6-74329BC08C46}.Release|x64.ActiveCfg = Release|x64
		{BE71200C-05F6-40FC-99D6-74329BC08C46}.Release|x64.Build.0 = Release|x64
		{BE71200C-05F6-40FC-99D6-74329BC08C46}.Release|x64.Deploy.0 = Release|x64
		{BE71200C-05F6-40FC-99D6-74329BC08C46}.Release|x86.ActiveCfg = Release|x86
		{BE71200C-05F6-40FC-99D6-74329BC08C46}.Release|x86.Build.0 = Release|x86
		{BE71200C-05F6-40FC-99D6-74329BC08C46}.Release|x86.Deploy.0 = Release|x86
		{D0484BD1-A456-4D8A-9B63-B1F60A66CA51}.Ad-Hoc|Any CPU.ActiveCfg = Debug|Any CPU
		{D0484BD1-A456-4D8A-9B63-B1F60A66CA51}.Ad-Hoc|Any CPU.Build.0 = Debug|Any CPU
		{D0484BD1-A456-4D8A-9B63-B1F60A66CA51}.Ad-Hoc|Any CPU.Deploy.0 = Debug|Any CPU
		{D0484BD1-A456-4D8A-9B63-B1F60A66CA51}.Ad-Hoc|ARM.ActiveCfg = Debug|Any CPU
		{D0484BD1-A456-4D8A-9B63-B1F60A66CA51}.Ad-Hoc|ARM.Build.0 = Debug|Any CPU
		{D0484BD1-A456-4D8A-9B63-B1F60A66CA51}.Ad-Hoc|ARM.Deploy.0 = Debug|Any CPU
		{D0484BD1-A456-4D8A-9B63-B1F60A66CA51}.Ad-Hoc|iPhone.ActiveCfg = Debug|Any CPU
		{D0484BD1-A456-4D8A-9B63-B1F60A66CA51}.Ad-Hoc|iPhone.Build.0 = Debug|Any CPU
		{D0484BD1-A456-4D8A-9B63-B1F60A66CA51}.Ad-Hoc|iPhone.Deploy.0 = Debug|Any CPU
		{D0484BD1-A456-4D8A-9B63-B1F60A66CA51}.Ad-Hoc|iPhoneSimulator.ActiveCfg = Debug|Any CPU
		{D0484BD1-A456-4D8A-9B63-B1F60A66CA51}.Ad-Hoc|iPhoneSimulator.Build.0 = Debug|Any CPU
		{D0484BD1-A456-4D8A-9B63-B1F60A66CA51}.Ad-Hoc|iPhoneSimulator.Deploy.0 = Debug|Any CPU
		{D0484BD1-A456-4D8A-9B63-B1F60A66CA51}.Ad-Hoc|x64.ActiveCfg = Debug|Any CPU
		{D0484BD1-A456-4D8A-9B63-B1F60A66CA51}.Ad-Hoc|x64.Build.0 = Debug|Any CPU
		{D0484BD1-A456-4D8A-9B63-B1F60A66CA51}.Ad-Hoc|x64.Deploy.0 = Debug|Any CPU
		{D0484BD1-A456-4D8A-9B63-B1F60A66CA51}.Ad-Hoc|x86.ActiveCfg = Debug|Any CPU
		{D0484BD1-A456-4D8A-9B63-B1F60A66CA51}.Ad-Hoc|x86.Build.0 = Debug|Any CPU
		{D0484BD1-A456-4D8A-9B63-B1F60A66CA51}.Ad-Hoc|x86.Deploy.0 = Debug|Any CPU
		{D0484BD1-A456-4D8A-9B63-B1F60A66CA51}.AppStore|Any CPU.ActiveCfg = Debug|Any CPU
		{D0484BD1-A456-4D8A-9B63-B1F60A66CA51}.AppStore|Any CPU.Build.0 = Debug|Any CPU
		{D0484BD1-A456-4D8A-9B63-B1F60A66CA51}.AppStore|Any CPU.Deploy.0 = Debug|Any CPU
		{D0484BD1-A456-4D8A-9B63-B1F60A66CA51}.AppStore|ARM.ActiveCfg = Debug|Any CPU
		{D0484BD1-A456-4D8A-9B63-B1F60A66CA51}.AppStore|ARM.Build.0 = Debug|Any CPU
		{D0484BD1-A456-4D8A-9B63-B1F60A66CA51}.AppStore|ARM.Deploy.0 = Debug|Any CPU
		{D0484BD1-A456-4D8A-9B63-B1F60A66CA51}.AppStore|iPhone.ActiveCfg = Debug|Any CPU
		{D0484BD1-A456-4D8A-9B63-B1F60A66CA51}.AppStore|iPhone.Build.0 = Debug|Any CPU
		{D0484BD1-A456-4D8A-9B63-B1F60A66CA51}.AppStore|iPhone.Deploy.0 = Debug|Any CPU
		{D0484BD1-A456-4D8A-9B63-B1F60A66CA51}.AppStore|iPhoneSimulator.ActiveCfg = Debug|Any CPU
		{D0484BD1-A456-4D8A-9B63-B1F60A66CA51}.AppStore|iPhoneSimulator.Build.0 = Debug|Any CPU
		{D0484BD1-A456-4D8A-9B63-B1F60A66CA51}.AppStore|iPhoneSimulator.Deploy.0 = Debug|Any CPU
		{D0484BD1-A456-4D8A-9B63-B1F60A66CA51}.AppStore|x64.ActiveCfg = Debug|Any CPU
		{D0484BD1-A456-4D8A-9B63-B1F60A66CA51}.AppStore|x64.Build.0 = Debug|Any CPU
		{D0484BD1-A456-4D8A-9B63-B1F60A66CA51}.AppStore|x64.Deploy.0 = Debug|Any CPU
		{D0484BD1-A456-4D8A-9B63-B1F60A66CA51}.AppStore|x86.ActiveCfg = Debug|Any CPU
		{D0484BD1-A456-4D8A-9B63-B1F60A66CA51}.AppStore|x86.Build.0 = Debug|Any CPU
		{D0484BD1-A456-4D8A-9B63-B1F60A66CA51}.AppStore|x86.Deploy.0 = Debug|Any CPU
		{D0484BD1-A456-4D8A-9B63-B1F60A66CA51}.Debug|Any CPU.ActiveCfg = Debug|Any CPU
		{D0484BD1-A456-4D8A-9B63-B1F60A66CA51}.Debug|Any CPU.Build.0 = Debug|Any CPU
		{D0484BD1-A456-4D8A-9B63-B1F60A66CA51}.Debug|Any CPU.Deploy.0 = Debug|Any CPU
		{D0484BD1-A456-4D8A-9B63-B1F60A66CA51}.Debug|ARM.ActiveCfg = Debug|Any CPU
		{D0484BD1-A456-4D8A-9B63-B1F60A66CA51}.Debug|ARM.Build.0 = Debug|Any CPU
		{D0484BD1-A456-4D8A-9B63-B1F60A66CA51}.Debug|ARM.Deploy.0 = Debug|Any CPU
		{D0484BD1-A456-4D8A-9B63-B1F60A66CA51}.Debug|iPhone.ActiveCfg = Debug|Any CPU
		{D0484BD1-A456-4D8A-9B63-B1F60A66CA51}.Debug|iPhone.Build.0 = Debug|Any CPU
		{D0484BD1-A456-4D8A-9B63-B1F60A66CA51}.Debug|iPhone.Deploy.0 = Debug|Any CPU
		{D0484BD1-A456-4D8A-9B63-B1F60A66CA51}.Debug|iPhoneSimulator.ActiveCfg = Debug|Any CPU
		{D0484BD1-A456-4D8A-9B63-B1F60A66CA51}.Debug|iPhoneSimulator.Build.0 = Debug|Any CPU
		{D0484BD1-A456-4D8A-9B63-B1F60A66CA51}.Debug|iPhoneSimulator.Deploy.0 = Debug|Any CPU
		{D0484BD1-A456-4D8A-9B63-B1F60A66CA51}.Debug|x64.ActiveCfg = Debug|Any CPU
		{D0484BD1-A456-4D8A-9B63-B1F60A66CA51}.Debug|x64.Build.0 = Debug|Any CPU
		{D0484BD1-A456-4D8A-9B63-B1F60A66CA51}.Debug|x64.Deploy.0 = Debug|Any CPU
		{D0484BD1-A456-4D8A-9B63-B1F60A66CA51}.Debug|x86.ActiveCfg = Debug|Any CPU
		{D0484BD1-A456-4D8A-9B63-B1F60A66CA51}.Debug|x86.Build.0 = Debug|Any CPU
		{D0484BD1-A456-4D8A-9B63-B1F60A66CA51}.Debug|x86.Deploy.0 = Debug|Any CPU
		{D0484BD1-A456-4D8A-9B63-B1F60A66CA51}.Release|Any CPU.ActiveCfg = Release|Any CPU
		{D0484BD1-A456-4D8A-9B63-B1F60A66CA51}.Release|Any CPU.Build.0 = Release|Any CPU
		{D0484BD1-A456-4D8A-9B63-B1F60A66CA51}.Release|Any CPU.Deploy.0 = Release|Any CPU
		{D0484BD1-A456-4D8A-9B63-B1F60A66CA51}.Release|ARM.ActiveCfg = Release|Any CPU
		{D0484BD1-A456-4D8A-9B63-B1F60A66CA51}.Release|ARM.Build.0 = Release|Any CPU
		{D0484BD1-A456-4D8A-9B63-B1F60A66CA51}.Release|ARM.Deploy.0 = Release|Any CPU
		{D0484BD1-A456-4D8A-9B63-B1F60A66CA51}.Release|iPhone.ActiveCfg = Release|Any CPU
		{D0484BD1-A456-4D8A-9B63-B1F60A66CA51}.Release|iPhone.Build.0 = Release|Any CPU
		{D0484BD1-A456-4D8A-9B63-B1F60A66CA51}.Release|iPhone.Deploy.0 = Release|Any CPU
		{D0484BD1-A456-4D8A-9B63-B1F60A66CA51}.Release|iPhoneSimulator.ActiveCfg = Release|Any CPU
		{D0484BD1-A456-4D8A-9B63-B1F60A66CA51}.Release|iPhoneSimulator.Build.0 = Release|Any CPU
		{D0484BD1-A456-4D8A-9B63-B1F60A66CA51}.Release|iPhoneSimulator.Deploy.0 = Release|Any CPU
		{D0484BD1-A456-4D8A-9B63-B1F60A66CA51}.Release|x64.ActiveCfg = Release|Any CPU
		{D0484BD1-A456-4D8A-9B63-B1F60A66CA51}.Release|x64.Build.0 = Release|Any CPU
		{D0484BD1-A456-4D8A-9B63-B1F60A66CA51}.Release|x64.Deploy.0 = Release|Any CPU
		{D0484BD1-A456-4D8A-9B63-B1F60A66CA51}.Release|x86.ActiveCfg = Release|Any CPU
		{D0484BD1-A456-4D8A-9B63-B1F60A66CA51}.Release|x86.Build.0 = Release|Any CPU
		{D0484BD1-A456-4D8A-9B63-B1F60A66CA51}.Release|x86.Deploy.0 = Release|Any CPU
	EndGlobalSection
	GlobalSection(SolutionProperties) = preSolution
		HideSolutionNode = FALSE
	EndGlobalSection
	GlobalSection(ExtensibilityGlobals) = postSolution
		SolutionGuid = {87A7EED0-3CE9-4CE1-9B64-735A5094B851}
	EndGlobalSection
EndGlobal
